
Microsoft Visual Studio Solution File, Format Version 12.00
# Visual Studio Version 16
VisualStudioVersion = 16.0.31321.278
MinimumVisualStudioVersion = 10.0.40219.1
Project("{9A19103F-16F7-4668-BE54-9A1E7A4F7556}") = "Movies.API", "..\..\..\..\Using HttpClient to Consume APIS in .NET Core\UsingHttpClientInDotNet-main\UsingHttpClientInDotNet-main\Starter files\Movies.API\Movies.API.csproj", "{383AE0FF-F090-4F08-8832-2172B59D41E2}"
EndProject
Global
	GlobalSection(SolutionConfigurationPlatforms) = preSolution
		Debug|Any CPU = Debug|Any CPU
		Release|Any CPU = Release|Any CPU
	EndGlobalSection
	GlobalSection(ProjectConfigurationPlatforms) = postSolution
		{383AE0FF-F090-4F08-8832-2172B59D41E2}.Debug|Any CPU.ActiveCfg = Debug|Any CPU
		{383AE0FF-F090-4F08-8832-2172B59D41E2}.Debug|Any CPU.Build.0 = Debug|Any CPU
		{383AE0FF-F090-4F08-8832-2172B59D41E2}.Release|Any CPU.ActiveCfg = Release|Any CPU
		{383AE0FF-F090-4F08-8832-2172B59D41E2}.Release|Any CPU.Build.0 = Release|Any CPU
	EndGlobalSection
	GlobalSection(SolutionProperties) = preSolution
		HideSolutionNode = FALSE
	EndGlobalSection
	GlobalSection(ExtensibilityGlobals) = postSolution
		SolutionGuid = {4CCC869E-4376-4A54-8EF6-93A29ECA48F5}
	EndGlobalSection
EndGlobal
